
Microsoft Visual Studio Solution File, Format Version 12.00
# Visual Studio Version 17
VisualStudioVersion = 17.14.36301.6 d17.14
MinimumVisualStudioVersion = 10.0.40219.1
Project("{54A90642-561A-4BB1-A94E-469ADEE60C69}") = "haimtools.client", "haimtools.client\haimtools.client.esproj", "{4C20FEA7-EEF2-EB50-A0C6-C9AA61A14250}"
EndProject
Project("{FAE04EC0-301F-11D3-BF4B-00C04F79EFBC}") = "HaimTools.Server", "HaimTools.Server\HaimTools.Server.csproj", "{37ADC5A5-BEC6-44C2-8DD8-2E2341877E60}"
EndProject
Global
	GlobalSection(SolutionConfigurationPlatforms) = preSolution
		Debug|Any CPU = Debug|Any CPU
		Release|Any CPU = Release|Any CPU
	EndGlobalSection
	GlobalSection(ProjectConfigurationPlatforms) = postSolution
		{4C20FEA7-EEF2-EB50-A0C6-C9AA61A14250}.Debug|Any CPU.ActiveCfg = Debug|Any CPU
		{4C20FEA7-EEF2-EB50-A0C6-C9AA61A14250}.Debug|Any CPU.Build.0 = Debug|Any CPU
		{4C20FEA7-EEF2-EB50-A0C6-C9AA61A14250}.Debug|Any CPU.Deploy.0 = Debug|Any CPU
		{4C20FEA7-EEF2-EB50-A0C6-C9AA61A14250}.Release|Any CPU.ActiveCfg = Release|Any CPU
		{4C20FEA7-EEF2-EB50-A0C6-C9AA61A14250}.Release|Any CPU.Build.0 = Release|Any CPU
		{4C20FEA7-EEF2-EB50-A0C6-C9AA61A14250}.Release|Any CPU.Deploy.0 = Release|Any CPU
		{37ADC5A5-BEC6-44C2-8DD8-2E2341877E60}.Debug|Any CPU.ActiveCfg = Debug|Any CPU
		{37ADC5A5-BEC6-44C2-8DD8-2E2341877E60}.Debug|Any CPU.Build.0 = Debug|Any CPU
		{37ADC5A5-BEC6-44C2-8DD8-2E2341877E60}.Release|Any CPU.ActiveCfg = Release|Any CPU
		{37ADC5A5-BEC6-44C2-8DD8-2E2341877E60}.Release|Any CPU.Build.0 = Release|Any CPU
	EndGlobalSection
	GlobalSection(SolutionProperties) = preSolution
		HideSolutionNode = FALSE
	EndGlobalSection
	GlobalSection(ExtensibilityGlobals) = postSolution
		SolutionGuid = {552589A9-A7D7-458E-8194-8A7D03B43FBC}
	EndGlobalSection
EndGlobal
